
Microsoft Visual Studio Solution File, Format Version 12.00
# Visual Studio Version 17
VisualStudioVersion = 17.14.36414.22
MinimumVisualStudioVersion = 10.0.40219.1
Project("{FAE04EC0-301F-11D3-BF4B-00C04F79EFBC}") = "Sonserina64", "64AssaltCube\Sonserina64.csproj", "{7885AE47-C27C-46DC-884D-E37658D91C00}"
EndProject
Global
	GlobalSection(SolutionConfigurationPlatforms) = preSolution
		Debug|Any CPU = Debug|Any CPU
		Debug|x64 = Debug|x64
		Release|Any CPU = Release|Any CPU
		Release|x64 = Release|x64
	EndGlobalSection
	GlobalSection(ProjectConfigurationPlatforms) = postSolution
		{7885AE47-C27C-46DC-884D-E37658D91C00}.Debug|Any CPU.ActiveCfg = Debug|Any CPU
		{7885AE47-C27C-46DC-884D-E37658D91C00}.Debug|Any CPU.Build.0 = Debug|Any CPU
		{7885AE47-C27C-46DC-884D-E37658D91C00}.Debug|x64.ActiveCfg = Debug|x64
		{7885AE47-C27C-46DC-884D-E37658D91C00}.Debug|x64.Build.0 = Debug|x64
		{7885AE47-C27C-46DC-884D-E37658D91C00}.Release|Any CPU.ActiveCfg = Release|Any CPU
		{7885AE47-C27C-46DC-884D-E37658D91C00}.Release|Any CPU.Build.0 = Release|Any CPU
		{7885AE47-C27C-46DC-884D-E37658D91C00}.Release|x64.ActiveCfg = Release|x64
		{7885AE47-C27C-46DC-884D-E37658D91C00}.Release|x64.Build.0 = Release|x64
	EndGlobalSection
	GlobalSection(SolutionProperties) = preSolution
		HideSolutionNode = FALSE
	EndGlobalSection
	GlobalSection(ExtensibilityGlobals) = postSolution
		SolutionGuid = {D1E07DD2-C58D-4F5E-A4ED-6992DDE0C175}
	EndGlobalSection
EndGlobal
